github.com/nunocoracao/blowfish/v3 v3.6.0 h1:GxVGP9rhG2zwRNWwnm8Yk31oaOIF2KOVwOQ8UsS4JZQ=
github.com/nunocoracao/blowfish/v3 v3.6.0/go.mod h1:8lJwR95VgcyWDhjKvUJMdOQXogrmhYSxkWh4ogSJfCg=
github.com/ravelzh/hugo-gpx-module v1.5.3 h1:+OoeSNAAdj9xDBazzscvUZwlW0ZfNV6MnJK1MJUGR9A=
github.com/ravelzh/hugo-gpx-module v1.5.3/go.mod h1:imLoQtOiun7gSklPtHK3xX7KM4E3LVcGcekoij44DOs=
